
Microsoft Visual Studio Solution File, Format Version 12.00
# Visual Studio Version 17
VisualStudioVersion = 17.0.31919.166
MinimumVisualStudioVersion = 10.0.40219.1
Project("{FAE04EC0-301F-11D3-BF4B-00C04F79EFBC}") = "EFBlog", "EFBlog\EFBlog.csproj", "{79C1781A-F3A6-4858-BFF1-55D0FDB4C306}"
EndProject
Global
	GlobalSection(SolutionConfigurationPlatforms) = preSolution
		Debug|Any CPU = Debug|Any CPU
		Release|Any CPU = Release|Any CPU
	EndGlobalSection
	GlobalSection(ProjectConfigurationPlatforms) = postSolution
		{79C1781A-F3A6-4858-BFF1-55D0FDB4C306}.Debug|Any CPU.ActiveCfg = Debug|Any CPU
		{79C1781A-F3A6-4858-BFF1-55D0FDB4C306}.Debug|Any CPU.Build.0 = Debug|Any CPU
		{79C1781A-F3A6-4858-BFF1-55D0FDB4C306}.Release|Any CPU.ActiveCfg = Release|Any CPU
		{79C1781A-F3A6-4858-BFF1-55D0FDB4C306}.Release|Any CPU.Build.0 = Release|Any CPU
	EndGlobalSection
	GlobalSection(SolutionProperties) = preSolution
		HideSolutionNode = FALSE
	EndGlobalSection
	GlobalSection(ExtensibilityGlobals) = postSolution
		SolutionGuid = {8EFF385A-BB89-4D0D-9F2C-1B55C0B3049D}
	EndGlobalSection
EndGlobal
